
Microsoft Visual Studio Solution File, Format Version 12.00
# Visual Studio Version 16
VisualStudioVersion = 25.0.1703.3
MinimumVisualStudioVersion = 10.0.40219.1
Project("{FAE04EC0-301F-11D3-BF4B-00C04F79EFBC}") = "Doonamis", "Doonamis\Doonamis.csproj", "{93482713-CD63-45EB-9EEB-8375C68D1D72}"
EndProject
Project("{FAE04EC0-301F-11D3-BF4B-00C04F79EFBC}") = "DoonamisTests", "DoonamisTests\DoonamisTests.csproj", "{EF3D777D-5A67-475F-A90A-B1B776ACEAD1}"
EndProject
Global
	GlobalSection(SolutionConfigurationPlatforms) = preSolution
		Debug|Any CPU = Debug|Any CPU
		Release|Any CPU = Release|Any CPU
	EndGlobalSection
	GlobalSection(ProjectConfigurationPlatforms) = postSolution
		{93482713-CD63-45EB-9EEB-8375C68D1D72}.Debug|Any CPU.ActiveCfg = Debug|Any CPU
		{93482713-CD63-45EB-9EEB-8375C68D1D72}.Debug|Any CPU.Build.0 = Debug|Any CPU
		{93482713-CD63-45EB-9EEB-8375C68D1D72}.Release|Any CPU.ActiveCfg = Release|Any CPU
		{93482713-CD63-45EB-9EEB-8375C68D1D72}.Release|Any CPU.Build.0 = Release|Any CPU
		{EF3D777D-5A67-475F-A90A-B1B776ACEAD1}.Debug|Any CPU.ActiveCfg = Debug|Any CPU
		{EF3D777D-5A67-475F-A90A-B1B776ACEAD1}.Debug|Any CPU.Build.0 = Debug|Any CPU
		{EF3D777D-5A67-475F-A90A-B1B776ACEAD1}.Release|Any CPU.ActiveCfg = Release|Any CPU
		{EF3D777D-5A67-475F-A90A-B1B776ACEAD1}.Release|Any CPU.Build.0 = Release|Any CPU
	EndGlobalSection
	GlobalSection(SolutionProperties) = preSolution
		HideSolutionNode = FALSE
	EndGlobalSection
	GlobalSection(ExtensibilityGlobals) = postSolution
		SolutionGuid = {B0AD2E4F-C174-4703-AB66-EA0BFDC4D0C8}
	EndGlobalSection
EndGlobal
